// !$*UTF8*$!
{
	archiveVersion = 1;
	classes = {
	};
	objectVersion = 77;
	objects = {

/* Begin PBXBuildFile section */
		0F5898131EB0C9323FF27BC1 /* Protocol.swift in Sources */ = {isa = PBXBuildFile; fileRef = 70EE3A6980F4C83B742D73EA /* Protocol.swift */; };
		12FCC23081679E92C2931E19 /* OfficialVolumeBootstrap.swift in Sources */ = {isa = PBXBuildFile; fileRef = 670D324688AB61797CFA54FF /* OfficialVolumeBootstrap.swift */; };
		1EF8F310F63F285AA5F199DA /* TrackEnd.swift in Sources */ = {isa = PBXBuildFile; fileRef = 5C7D50B01FC54A2FEB99EC47 /* TrackEnd.swift */; };
		22C025BA43E86414CE899709 /* LyricsTiming.swift in Sources */ = {isa = PBXBuildFile; fileRef = CCCABDD09434B100630D3E7F /* LyricsTiming.swift */; };
		26490BEC7B527138F3B0A42B /* MaterialSurfaceKind.swift in Sources */ = {isa = PBXBuildFile; fileRef = 14A7DD3F3B1E70BC5553CC8F /* MaterialSurfaceKind.swift */; };
		2742BB00D9CEDBF577C884E1 /* ServiceLaunch+Windows.swift in Sources */ = {isa = PBXBuildFile; fileRef = A0BFC31B00B2B536ACB8E8C1 /* ServiceLaunch+Windows.swift */; };
		2D23B922FCB8389F36DB2177 /* MaterialSurface+macOS.swift in Sources */ = {isa = PBXBuildFile; fileRef = 98C95BCDE08BF53119F8A14E /* MaterialSurface+macOS.swift */; };
		2E1316600A9CE1ED69F209AB /* ServiceFrameReader.swift in Sources */ = {isa = PBXBuildFile; fileRef = A67108705498CEF91F211CAC /* ServiceFrameReader.swift */; };
		359D2D56AC4E678C2F5A20E2 /* MediaTransportRequest+macOS.swift in Sources */ = {isa = PBXBuildFile; fileRef = D5EAB75FEA2DA7E0BD003F4E /* MediaTransportRequest+macOS.swift */; };
		35CB6B26D8B52681EA085019 /* NativeMacApp.swift in Sources */ = {isa = PBXBuildFile; fileRef = 86D93BEF9D8DEA4F8B554377 /* NativeMacApp.swift */; };
		37F207BC703E5779D48256BD /* PlatformPlaybackHost.swift in Sources */ = {isa = PBXBuildFile; fileRef = 1465F0AFC4A9CE347626B112 /* PlatformPlaybackHost.swift */; };
		3890ABDCA02A29D38634E11E /* PersonalCatalogHost+Preview.swift in Sources */ = {isa = PBXBuildFile; fileRef = 32784C9E7777E7D72A54B6D9 /* PersonalCatalogHost+Preview.swift */; };
		3A6E3AD97B24ECF5B4C4808D /* Sparkle in Frameworks */ = {isa = PBXBuildFile; productRef = D51CEFBFF7C1B995E771F7B4 /* Sparkle */; };
		408C41E31D371C629463E73D /* CatalogFreshness.swift in Sources */ = {isa = PBXBuildFile; fileRef = 47A7783175AFF5A218094AB6 /* CatalogFreshness.swift */; };
		456ED148D01762EDBB35C86F /* OfficialPlaybackHost+macOS.swift in Sources */ = {isa = PBXBuildFile; fileRef = AE65F03E4FB32F06540A52C3 /* OfficialPlaybackHost+macOS.swift */; };
		4D5DFB34F870CD1239F4D3DC /* AccountLoginModel.swift in Sources */ = {isa = PBXBuildFile; fileRef = 40BECFA488F896DEEDF5997A /* AccountLoginModel.swift */; };
		5778A50F152B943536F6118D /* NativeMacUpdater+macOS.swift in Sources */ = {isa = PBXBuildFile; fileRef = E473BE3D7596EBAE29C1FCBD /* NativeMacUpdater+macOS.swift */; };
		5953A3BDEE6738B3E8A594F9 /* DiscordPresence+macOS.swift in Sources */ = {isa = PBXBuildFile; fileRef = 3585E66D95AD47E57426BFA2 /* DiscordPresence+macOS.swift */; };
		5A0A13A9E29F8EC406CDFB48 /* ArtworkCache.swift in Sources */ = {isa = PBXBuildFile; fileRef = 404EFE5611246D37F31C51EA /* ArtworkCache.swift */; };
		5F292B5E27F5B6DBA2865B2A /* SystemMediaControls+macOS.swift in Sources */ = {isa = PBXBuildFile; fileRef = 3269DB786EBA83630046623F /* SystemMediaControls+macOS.swift */; };
		6208A5544143FCA8E8187781 /* PlaybackLaunchIntent.swift in Sources */ = {isa = PBXBuildFile; fileRef = FFE811A3344FC3BDCEC91648 /* PlaybackLaunchIntent.swift */; };
		6E004B99B34CDBA0EC634D2C /* NativeMacLyricsView.swift in Sources */ = {isa = PBXBuildFile; fileRef = E1C28FEA31F83E549CA4E254 /* NativeMacLyricsView.swift */; };
		711E9C2E7B5C53024FF81559 /* NativeMacCachedImage.swift in Sources */ = {isa = PBXBuildFile; fileRef = 95E23829274940BFFC416E7C /* NativeMacCachedImage.swift */; };
		7985E30BA812D3622266E886 /* ThemeHost.swift in Sources */ = {isa = PBXBuildFile; fileRef = F0BF0AB9F73ECBA14A2A345A /* ThemeHost.swift */; };
		7A532767EECCB0EDB9B34D7D /* AccountLoginHost+macOS.swift in Sources */ = {isa = PBXBuildFile; fileRef = 3B74ABDA28865842D0644448 /* AccountLoginHost+macOS.swift */; };
		7D3A045459ACD90C1ED40C0F /* NavigationFrame+macOS.swift in Sources */ = {isa = PBXBuildFile; fileRef = 07B4260C0218EF986BA7E0C1 /* NavigationFrame+macOS.swift */; };
		7D7C37FBAEF04E81BB6C16ED /* NativeMacFullPlayer.swift in Sources */ = {isa = PBXBuildFile; fileRef = 0D84BE0D6257E3800DAA8EAE /* NativeMacFullPlayer.swift */; };
		81EC22E212BCA5AB5A7F154F /* OfficialPlaybackHost+Preview.swift in Sources */ = {isa = PBXBuildFile; fileRef = 18805C55698F94929D3EEFEF /* OfficialPlaybackHost+Preview.swift */; };
		85D56B14E6A69BF59372C177 /* ArtworkBackdrop+macOS.swift in Sources */ = {isa = PBXBuildFile; fileRef = 8681AE57B1E8295DB90AF098 /* ArtworkBackdrop+macOS.swift */; };
		8621B50574134BF9F7F127E6 /* OfficialBridge.swift in Sources */ = {isa = PBXBuildFile; fileRef = 7A2AE311B1C7872AFEB1B4AD /* OfficialBridge.swift */; };
		8623D52F471EC9D775A6D995 /* PersonalMutation.swift in Sources */ = {isa = PBXBuildFile; fileRef = 01BFA5EBE991344E29039C75 /* PersonalMutation.swift */; };
		87C7548F09E7313D9350EC38 /* NavigationPolicy.swift in Sources */ = {isa = PBXBuildFile; fileRef = 1A22A5B7EAADE593309FB782 /* NavigationPolicy.swift */; };
		88E49963FBC1C9E6F7779CCE /* NativeMacLyricsImport.swift in Sources */ = {isa = PBXBuildFile; fileRef = 8F979EF0066B3D064C926BCA /* NativeMacLyricsImport.swift */; };
		92EFC7898B242C8C9B6CA81E /* GoosicResources.swift in Sources */ = {isa = PBXBuildFile; fileRef = DFDB219E4A1ECA2FE3524BCB /* GoosicResources.swift */; };
		93B5E32C56BC943F016106F8 /* Catalog.swift in Sources */ = {isa = PBXBuildFile; fileRef = 3967C70B84A13B53E047EEF2 /* Catalog.swift */; };
		9C062B3CA9C2B0288CEB42BC /* ServiceClient.swift in Sources */ = {isa = PBXBuildFile; fileRef = E308C7896B87265A26584013 /* ServiceClient.swift */; };
		A00639B25DF6FE5B49E8C07C /* OfficialSampleSequence.swift in Sources */ = {isa = PBXBuildFile; fileRef = 334AA522DA1A12C862FF8B76 /* OfficialSampleSequence.swift */; };
		A720A6A6843FDD2550926173 /* Diagnostics.swift in Sources */ = {isa = PBXBuildFile; fileRef = 4B0632FEB51291AFC2C5497E /* Diagnostics.swift */; };
		AAF3798992F6735FBB97CFAA /* LocalPlaybackEvent.swift in Sources */ = {isa = PBXBuildFile; fileRef = C6B0FB5FDDB8AB41DA32020E /* LocalPlaybackEvent.swift */; };
		B0077A9C7134501753EFA424 /* PersonalBrowse.swift in Sources */ = {isa = PBXBuildFile; fileRef = BB4BC524EFEBE146D3C5758F /* PersonalBrowse.swift */; };
		BDCBC4EE0B5D644E0BD5637C /* SystemMediaPlayback.swift in Sources */ = {isa = PBXBuildFile; fileRef = 6D4B4401976F9D95CB7EC769 /* SystemMediaPlayback.swift */; };
		C0C9DA7D681C65A48C631FC4 /* LocalPlaybackHost+macOS.swift in Sources */ = {isa = PBXBuildFile; fileRef = A53B9A955B222817152CCBA7 /* LocalPlaybackHost+macOS.swift */; };
		C3E50B954AE2A18595ADA207 /* GoosicDebugHostApp.swift in Sources */ = {isa = PBXBuildFile; fileRef = 00211C45FBAA3C2FEA772D73 /* GoosicDebugHostApp.swift */; };
		C4EF8158BD40906FD9F33CAF /* GoosicSidebarUITests.swift in Sources */ = {isa = PBXBuildFile; fileRef = 2D1017197844A64C4595E40B /* GoosicSidebarUITests.swift */; };
		C766E7DFACBA440884AB623F /* VolumeSync.swift in Sources */ = {isa = PBXBuildFile; fileRef = 4AAD57A85F11302612564473 /* VolumeSync.swift */; };
		CBD1F41CD6BD5B34631D19EE /* ServiceLaunch+POSIX.swift in Sources */ = {isa = PBXBuildFile; fileRef = FDEE72D9257DF27FF50FEC30 /* ServiceLaunch+POSIX.swift */; };
		CF2DE2810268F1622CACC1F7 /* PersonalCatalogHost+macOS.swift in Sources */ = {isa = PBXBuildFile; fileRef = CE9DE7C4C659AAA054AAD993 /* PersonalCatalogHost+macOS.swift */; };
		DA1F954C163BCE8BCF90B71F /* NowPlayingMesh.swift in Sources */ = {isa = PBXBuildFile; fileRef = DDEA7B7C2E84A534DAD30993 /* NowPlayingMesh.swift */; };
		DC26E321ADACFCEE76DCE985 /* NativeMacCatalogSurface.swift in Sources */ = {isa = PBXBuildFile; fileRef = 2F2C26A2BCFB5A3030A8CAA5 /* NativeMacCatalogSurface.swift */; };
		E1A18A4A8C7042FB2D1F0EC4 /* Models.swift in Sources */ = {isa = PBXBuildFile; fileRef = A0525161B5216AFDB78C104A /* Models.swift */; };
		E9CAD2848561A5D471DF0A9A /* QueueEditing.swift in Sources */ = {isa = PBXBuildFile; fileRef = 21C5DE656E954729B75F0B32 /* QueueEditing.swift */; };
		EE4DAE960FBEDE1EE616E610 /* PersonalCatalogFailure+macOS.swift in Sources */ = {isa = PBXBuildFile; fileRef = 8C0EB681ECA6A6F74275C902 /* PersonalCatalogFailure+macOS.swift */; };
		F1A72AD5ED5FED10E6223F93 /* CatalogPageStore.swift in Sources */ = {isa = PBXBuildFile; fileRef = 614339C18AE6AD471AE71E73 /* CatalogPageStore.swift */; };
		F42181BAD81C3DADAF243698 /* ListRules.swift in Sources */ = {isa = PBXBuildFile; fileRef = 3DAC227F7FCB26B942825ACF /* ListRules.swift */; };
		F48D09978A6B397B4433685C /* AccountLoginHost+Preview.swift in Sources */ = {isa = PBXBuildFile; fileRef = 1C2FE80060D7D7A3D0AD5D78 /* AccountLoginHost+Preview.swift */; };
		F7502C2205325BF32B8E5CD5 /* CatalogRequestLedger.swift in Sources */ = {isa = PBXBuildFile; fileRef = 71BA6982B2071EF1E5B1380A /* CatalogRequestLedger.swift */; };
/* End PBXBuildFile section */

/* Begin PBXContainerItemProxy section */
		DB06A28F420C58819EBA8C12 /* PBXContainerItemProxy */ = {
			isa = PBXContainerItemProxy;
			containerPortal = CE713C555CA08E7A679E7323 /* Project object */;
			proxyType = 1;
			remoteGlobalIDString = D8583A1F30FAD47E2C1783CD;
			remoteInfo = GoosicDebugHost;
		};
/* End PBXContainerItemProxy section */

/* Begin PBXFileReference section */
		00211C45FBAA3C2FEA772D73 /* GoosicDebugHostApp.swift */ = {isa = PBXFileReference; lastKnownFileType = sourcecode.swift; path = GoosicDebugHostApp.swift; sourceTree = "<group>"; };
		01BFA5EBE991344E29039C75 /* PersonalMutation.swift */ = {isa = PBXFileReference; lastKnownFileType = sourcecode.swift; path = PersonalMutation.swift; sourceTree = "<group>"; };
		07B4260C0218EF986BA7E0C1 /* NavigationFrame+macOS.swift */ = {isa = PBXFileReference; lastKnownFileType = sourcecode.swift; path = "NavigationFrame+macOS.swift"; sourceTree = "<group>"; };
		0D84BE0D6257E3800DAA8EAE /* NativeMacFullPlayer.swift */ = {isa = PBXFileReference; lastKnownFileType = sourcecode.swift; path = NativeMacFullPlayer.swift; sourceTree = "<group>"; };
		10FC96427C232DA2A426FF1A /* GoosicDebugHost.app */ = {isa = PBXFileReference; explicitFileType = wrapper.application; includeInIndex = 0; path = GoosicDebugHost.app; sourceTree = BUILT_PRODUCTS_DIR; };
		1225BA690AD453628EDA82E4 /* GoosicDebugHostUITests.xctest */ = {isa = PBXFileReference; explicitFileType = wrapper.cfbundle; includeInIndex = 0; path = GoosicDebugHostUITests.xctest; sourceTree = BUILT_PRODUCTS_DIR; };
		1465F0AFC4A9CE347626B112 /* PlatformPlaybackHost.swift */ = {isa = PBXFileReference; lastKnownFileType = sourcecode.swift; path = PlatformPlaybackHost.swift; sourceTree = "<group>"; };
		14A7DD3F3B1E70BC5553CC8F /* MaterialSurfaceKind.swift */ = {isa = PBXFileReference; lastKnownFileType = sourcecode.swift; path = MaterialSurfaceKind.swift; sourceTree = "<group>"; };
		18805C55698F94929D3EEFEF /* OfficialPlaybackHost+Preview.swift */ = {isa = PBXFileReference; lastKnownFileType = sourcecode.swift; path = "OfficialPlaybackHost+Preview.swift"; sourceTree = "<group>"; };
		1A22A5B7EAADE593309FB782 /* NavigationPolicy.swift */ = {isa = PBXFileReference; lastKnownFileType = sourcecode.swift; path = NavigationPolicy.swift; sourceTree = "<group>"; };
		1C2FE80060D7D7A3D0AD5D78 /* AccountLoginHost+Preview.swift */ = {isa = PBXFileReference; lastKnownFileType = sourcecode.swift; path = "AccountLoginHost+Preview.swift"; sourceTree = "<group>"; };
		21C5DE656E954729B75F0B32 /* QueueEditing.swift */ = {isa = PBXFileReference; lastKnownFileType = sourcecode.swift; path = QueueEditing.swift; sourceTree = "<group>"; };
		2D1017197844A64C4595E40B /* GoosicSidebarUITests.swift */ = {isa = PBXFileReference; lastKnownFileType = sourcecode.swift; path = GoosicSidebarUITests.swift; sourceTree = "<group>"; };
		2F2C26A2BCFB5A3030A8CAA5 /* NativeMacCatalogSurface.swift */ = {isa = PBXFileReference; lastKnownFileType = sourcecode.swift; path = NativeMacCatalogSurface.swift; sourceTree = "<group>"; };
		3269DB786EBA83630046623F /* SystemMediaControls+macOS.swift */ = {isa = PBXFileReference; lastKnownFileType = sourcecode.swift; path = "SystemMediaControls+macOS.swift"; sourceTree = "<group>"; };
		32784C9E7777E7D72A54B6D9 /* PersonalCatalogHost+Preview.swift */ = {isa = PBXFileReference; lastKnownFileType = sourcecode.swift; path = "PersonalCatalogHost+Preview.swift"; sourceTree = "<group>"; };
		334AA522DA1A12C862FF8B76 /* OfficialSampleSequence.swift */ = {isa = PBXFileReference; lastKnownFileType = sourcecode.swift; path = OfficialSampleSequence.swift; sourceTree = "<group>"; };
		3585E66D95AD47E57426BFA2 /* DiscordPresence+macOS.swift */ = {isa = PBXFileReference; lastKnownFileType = sourcecode.swift; path = "DiscordPresence+macOS.swift"; sourceTree = "<group>"; };
		3967C70B84A13B53E047EEF2 /* Catalog.swift */ = {isa = PBXFileReference; lastKnownFileType = sourcecode.swift; path = Catalog.swift; sourceTree = "<group>"; };
		3B74ABDA28865842D0644448 /* AccountLoginHost+macOS.swift */ = {isa = PBXFileReference; lastKnownFileType = sourcecode.swift; path = "AccountLoginHost+macOS.swift"; sourceTree = "<group>"; };
		3DAC227F7FCB26B942825ACF /* ListRules.swift */ = {isa = PBXFileReference; lastKnownFileType = sourcecode.swift; path = ListRules.swift; sourceTree = "<group>"; };
		404EFE5611246D37F31C51EA /* ArtworkCache.swift */ = {isa = PBXFileReference; lastKnownFileType = sourcecode.swift; path = ArtworkCache.swift; sourceTree = "<group>"; };
		40BECFA488F896DEEDF5997A /* AccountLoginModel.swift */ = {isa = PBXFileReference; lastKnownFileType = sourcecode.swift; path = AccountLoginModel.swift; sourceTree = "<group>"; };
		47A7783175AFF5A218094AB6 /* CatalogFreshness.swift */ = {isa = PBXFileReference; lastKnownFileType = sourcecode.swift; path = CatalogFreshness.swift; sourceTree = "<group>"; };
		4AAD57A85F11302612564473 /* VolumeSync.swift */ = {isa = PBXFileReference; lastKnownFileType = sourcecode.swift; path = VolumeSync.swift; sourceTree = "<group>"; };
		4B0632FEB51291AFC2C5497E /* Diagnostics.swift */ = {isa = PBXFileReference; lastKnownFileType = sourcecode.swift; path = Diagnostics.swift; sourceTree = "<group>"; };
		5C7D50B01FC54A2FEB99EC47 /* TrackEnd.swift */ = {isa = PBXFileReference; lastKnownFileType = sourcecode.swift; path = TrackEnd.swift; sourceTree = "<group>"; };
		614339C18AE6AD471AE71E73 /* CatalogPageStore.swift */ = {isa = PBXFileReference; lastKnownFileType = sourcecode.swift; path = CatalogPageStore.swift; sourceTree = "<group>"; };
		670D324688AB61797CFA54FF /* OfficialVolumeBootstrap.swift */ = {isa = PBXFileReference; lastKnownFileType = sourcecode.swift; path = OfficialVolumeBootstrap.swift; sourceTree = "<group>"; };
		6D4B4401976F9D95CB7EC769 /* SystemMediaPlayback.swift */ = {isa = PBXFileReference; lastKnownFileType = sourcecode.swift; path = SystemMediaPlayback.swift; sourceTree = "<group>"; };
		70EE3A6980F4C83B742D73EA /* Protocol.swift */ = {isa = PBXFileReference; lastKnownFileType = sourcecode.swift; path = Protocol.swift; sourceTree = "<group>"; };
		71BA6982B2071EF1E5B1380A /* CatalogRequestLedger.swift */ = {isa = PBXFileReference; lastKnownFileType = sourcecode.swift; path = CatalogRequestLedger.swift; sourceTree = "<group>"; };
		7A2AE311B1C7872AFEB1B4AD /* OfficialBridge.swift */ = {isa = PBXFileReference; lastKnownFileType = sourcecode.swift; path = OfficialBridge.swift; sourceTree = "<group>"; };
		8681AE57B1E8295DB90AF098 /* ArtworkBackdrop+macOS.swift */ = {isa = PBXFileReference; lastKnownFileType = sourcecode.swift; path = "ArtworkBackdrop+macOS.swift"; sourceTree = "<group>"; };
		86D93BEF9D8DEA4F8B554377 /* NativeMacApp.swift */ = {isa = PBXFileReference; lastKnownFileType = sourcecode.swift; path = NativeMacApp.swift; sourceTree = "<group>"; };
		8C0EB681ECA6A6F74275C902 /* PersonalCatalogFailure+macOS.swift */ = {isa = PBXFileReference; lastKnownFileType = sourcecode.swift; path = "PersonalCatalogFailure+macOS.swift"; sourceTree = "<group>"; };
		8F979EF0066B3D064C926BCA /* NativeMacLyricsImport.swift */ = {isa = PBXFileReference; lastKnownFileType = sourcecode.swift; path = NativeMacLyricsImport.swift; sourceTree = "<group>"; };
		95E23829274940BFFC416E7C /* NativeMacCachedImage.swift */ = {isa = PBXFileReference; lastKnownFileType = sourcecode.swift; path = NativeMacCachedImage.swift; sourceTree = "<group>"; };
		98C95BCDE08BF53119F8A14E /* MaterialSurface+macOS.swift */ = {isa = PBXFileReference; lastKnownFileType = sourcecode.swift; path = "MaterialSurface+macOS.swift"; sourceTree = "<group>"; };
		A0525161B5216AFDB78C104A /* Models.swift */ = {isa = PBXFileReference; lastKnownFileType = sourcecode.swift; path = Models.swift; sourceTree = "<group>"; };
		A0BFC31B00B2B536ACB8E8C1 /* ServiceLaunch+Windows.swift */ = {isa = PBXFileReference; lastKnownFileType = sourcecode.swift; path = "ServiceLaunch+Windows.swift"; sourceTree = "<group>"; };
		A53B9A955B222817152CCBA7 /* LocalPlaybackHost+macOS.swift */ = {isa = PBXFileReference; lastKnownFileType = sourcecode.swift; path = "LocalPlaybackHost+macOS.swift"; sourceTree = "<group>"; };
		A67108705498CEF91F211CAC /* ServiceFrameReader.swift */ = {isa = PBXFileReference; lastKnownFileType = sourcecode.swift; path = ServiceFrameReader.swift; sourceTree = "<group>"; };
		AE65F03E4FB32F06540A52C3 /* OfficialPlaybackHost+macOS.swift */ = {isa = PBXFileReference; lastKnownFileType = sourcecode.swift; path = "OfficialPlaybackHost+macOS.swift"; sourceTree = "<group>"; };
		BB4BC524EFEBE146D3C5758F /* PersonalBrowse.swift */ = {isa = PBXFileReference; lastKnownFileType = sourcecode.swift; path = PersonalBrowse.swift; sourceTree = "<group>"; };
		C6B0FB5FDDB8AB41DA32020E /* LocalPlaybackEvent.swift */ = {isa = PBXFileReference; lastKnownFileType = sourcecode.swift; path = LocalPlaybackEvent.swift; sourceTree = "<group>"; };
		CCCABDD09434B100630D3E7F /* LyricsTiming.swift */ = {isa = PBXFileReference; lastKnownFileType = sourcecode.swift; path = LyricsTiming.swift; sourceTree = "<group>"; };
		CE9DE7C4C659AAA054AAD993 /* PersonalCatalogHost+macOS.swift */ = {isa = PBXFileReference; lastKnownFileType = sourcecode.swift; path = "PersonalCatalogHost+macOS.swift"; sourceTree = "<group>"; };
		D5EAB75FEA2DA7E0BD003F4E /* MediaTransportRequest+macOS.swift */ = {isa = PBXFileReference; lastKnownFileType = sourcecode.swift; path = "MediaTransportRequest+macOS.swift"; sourceTree = "<group>"; };
		DDEA7B7C2E84A534DAD30993 /* NowPlayingMesh.swift */ = {isa = PBXFileReference; lastKnownFileType = sourcecode.swift; path = NowPlayingMesh.swift; sourceTree = "<group>"; };
		DFDB219E4A1ECA2FE3524BCB /* GoosicResources.swift */ = {isa = PBXFileReference; lastKnownFileType = sourcecode.swift; path = GoosicResources.swift; sourceTree = "<group>"; };
		E1C28FEA31F83E549CA4E254 /* NativeMacLyricsView.swift */ = {isa = PBXFileReference; lastKnownFileType = sourcecode.swift; path = NativeMacLyricsView.swift; sourceTree = "<group>"; };
		E308C7896B87265A26584013 /* ServiceClient.swift */ = {isa = PBXFileReference; lastKnownFileType = sourcecode.swift; path = ServiceClient.swift; sourceTree = "<group>"; };
		E473BE3D7596EBAE29C1FCBD /* NativeMacUpdater+macOS.swift */ = {isa = PBXFileReference; lastKnownFileType = sourcecode.swift; path = "NativeMacUpdater+macOS.swift"; sourceTree = "<group>"; };
		F0BF0AB9F73ECBA14A2A345A /* ThemeHost.swift */ = {isa = PBXFileReference; lastKnownFileType = sourcecode.swift; path = ThemeHost.swift; sourceTree = "<group>"; };
		FDEE72D9257DF27FF50FEC30 /* ServiceLaunch+POSIX.swift */ = {isa = PBXFileReference; lastKnownFileType = sourcecode.swift; path = "ServiceLaunch+POSIX.swift"; sourceTree = "<group>"; };
		FFE811A3344FC3BDCEC91648 /* PlaybackLaunchIntent.swift */ = {isa = PBXFileReference; lastKnownFileType = sourcecode.swift; path = PlaybackLaunchIntent.swift; sourceTree = "<group>"; };
/* End PBXFileReference section */

/* Begin PBXFrameworksBuildPhase section */
		18C25AF00FE9D7FAE640FE4A /* Frameworks */ = {
			isa = PBXFrameworksBuildPhase;
			buildActionMask = 2147483647;
			files = (
				3A6E3AD97B24ECF5B4C4808D /* Sparkle in Frameworks */,
			);
			runOnlyForDeploymentPostprocessing = 0;
		};
/* End PBXFrameworksBuildPhase section */

/* Begin PBXGroup section */
		009043D930AB035760D79A35 /* Windows */ = {
			isa = PBXGroup;
			children = (
				A0BFC31B00B2B536ACB8E8C1 /* ServiceLaunch+Windows.swift */,
			);
			path = Windows;
			sourceTree = "<group>";
		};
		127F6CAAD0C64B43F11A8A54 /* Products */ = {
			isa = PBXGroup;
			children = (
				10FC96427C232DA2A426FF1A /* GoosicDebugHost.app */,
				1225BA690AD453628EDA82E4 /* GoosicDebugHostUITests.xctest */,
			);
			name = Products;
			sourceTree = "<group>";
		};
		32D61F3D3F06E0295FA57F46 /* macOS */ = {
			isa = PBXGroup;
			children = (
				3B74ABDA28865842D0644448 /* AccountLoginHost+macOS.swift */,
				1C2FE80060D7D7A3D0AD5D78 /* AccountLoginHost+Preview.swift */,
				8681AE57B1E8295DB90AF098 /* ArtworkBackdrop+macOS.swift */,
				3585E66D95AD47E57426BFA2 /* DiscordPresence+macOS.swift */,
				A53B9A955B222817152CCBA7 /* LocalPlaybackHost+macOS.swift */,
				98C95BCDE08BF53119F8A14E /* MaterialSurface+macOS.swift */,
				D5EAB75FEA2DA7E0BD003F4E /* MediaTransportRequest+macOS.swift */,
				86D93BEF9D8DEA4F8B554377 /* NativeMacApp.swift */,
				95E23829274940BFFC416E7C /* NativeMacCachedImage.swift */,
				2F2C26A2BCFB5A3030A8CAA5 /* NativeMacCatalogSurface.swift */,
				0D84BE0D6257E3800DAA8EAE /* NativeMacFullPlayer.swift */,
				8F979EF0066B3D064C926BCA /* NativeMacLyricsImport.swift */,
				E1C28FEA31F83E549CA4E254 /* NativeMacLyricsView.swift */,
				E473BE3D7596EBAE29C1FCBD /* NativeMacUpdater+macOS.swift */,
				07B4260C0218EF986BA7E0C1 /* NavigationFrame+macOS.swift */,
				AE65F03E4FB32F06540A52C3 /* OfficialPlaybackHost+macOS.swift */,
				18805C55698F94929D3EEFEF /* OfficialPlaybackHost+Preview.swift */,
				8C0EB681ECA6A6F74275C902 /* PersonalCatalogFailure+macOS.swift */,
				CE9DE7C4C659AAA054AAD993 /* PersonalCatalogHost+macOS.swift */,
				32784C9E7777E7D72A54B6D9 /* PersonalCatalogHost+Preview.swift */,
				3269DB786EBA83630046623F /* SystemMediaControls+macOS.swift */,
			);
			path = macOS;
			sourceTree = "<group>";
		};
		72999E3A902A9F1801F829F5 /* Host */ = {
			isa = PBXGroup;
			children = (
				00211C45FBAA3C2FEA772D73 /* GoosicDebugHostApp.swift */,
			);
			path = Host;
			sourceTree = "<group>";
		};
		739DE5372EB3EAC426A70A9B /* GoosicSwift */ = {
			isa = PBXGroup;
			children = (
				B70A2F9A5EF4EAFACEFB49A2 /* Core */,
				FE518BE5F6A323CE46CE5FFE /* Platform */,
			);
			name = GoosicSwift;
			path = "../../apps/goosic-swift/Sources/GoosicSwift";
			sourceTree = "<group>";
		};
		806AC7A1916B10D1CC28A6B1 /* Tests */ = {
			isa = PBXGroup;
			children = (
				2D1017197844A64C4595E40B /* GoosicSidebarUITests.swift */,
			);
			path = Tests;
			sourceTree = "<group>";
		};
		B0E799567439C78D56F1E55F /* POSIX */ = {
			isa = PBXGroup;
			children = (
				FDEE72D9257DF27FF50FEC30 /* ServiceLaunch+POSIX.swift */,
			);
			path = POSIX;
			sourceTree = "<group>";
		};
		B70A2F9A5EF4EAFACEFB49A2 /* Core */ = {
			isa = PBXGroup;
			children = (
				40BECFA488F896DEEDF5997A /* AccountLoginModel.swift */,
				404EFE5611246D37F31C51EA /* ArtworkCache.swift */,
				3967C70B84A13B53E047EEF2 /* Catalog.swift */,
				47A7783175AFF5A218094AB6 /* CatalogFreshness.swift */,
				614339C18AE6AD471AE71E73 /* CatalogPageStore.swift */,
				71BA6982B2071EF1E5B1380A /* CatalogRequestLedger.swift */,
				4B0632FEB51291AFC2C5497E /* Diagnostics.swift */,
				DFDB219E4A1ECA2FE3524BCB /* GoosicResources.swift */,
				3DAC227F7FCB26B942825ACF /* ListRules.swift */,
				C6B0FB5FDDB8AB41DA32020E /* LocalPlaybackEvent.swift */,
				CCCABDD09434B100630D3E7F /* LyricsTiming.swift */,
				14A7DD3F3B1E70BC5553CC8F /* MaterialSurfaceKind.swift */,
				A0525161B5216AFDB78C104A /* Models.swift */,
				1A22A5B7EAADE593309FB782 /* NavigationPolicy.swift */,
				DDEA7B7C2E84A534DAD30993 /* NowPlayingMesh.swift */,
				7A2AE311B1C7872AFEB1B4AD /* OfficialBridge.swift */,
				334AA522DA1A12C862FF8B76 /* OfficialSampleSequence.swift */,
				670D324688AB61797CFA54FF /* OfficialVolumeBootstrap.swift */,
				BB4BC524EFEBE146D3C5758F /* PersonalBrowse.swift */,
				01BFA5EBE991344E29039C75 /* PersonalMutation.swift */,
				1465F0AFC4A9CE347626B112 /* PlatformPlaybackHost.swift */,
				FFE811A3344FC3BDCEC91648 /* PlaybackLaunchIntent.swift */,
				70EE3A6980F4C83B742D73EA /* Protocol.swift */,
				21C5DE656E954729B75F0B32 /* QueueEditing.swift */,
				E308C7896B87265A26584013 /* ServiceClient.swift */,
				A67108705498CEF91F211CAC /* ServiceFrameReader.swift */,
				6D4B4401976F9D95CB7EC769 /* SystemMediaPlayback.swift */,
				F0BF0AB9F73ECBA14A2A345A /* ThemeHost.swift */,
				5C7D50B01FC54A2FEB99EC47 /* TrackEnd.swift */,
				4AAD57A85F11302612564473 /* VolumeSync.swift */,
			);
			path = Core;
			sourceTree = "<group>";
		};
		EDDA295189E1D8A4B0D3F4D2 = {
			isa = PBXGroup;
			children = (
				739DE5372EB3EAC426A70A9B /* GoosicSwift */,
				72999E3A902A9F1801F829F5 /* Host */,
				806AC7A1916B10D1CC28A6B1 /* Tests */,
				127F6CAAD0C64B43F11A8A54 /* Products */,
			);
			sourceTree = "<group>";
		};
		FE518BE5F6A323CE46CE5FFE /* Platform */ = {
			isa = PBXGroup;
			children = (
				32D61F3D3F06E0295FA57F46 /* macOS */,
				B0E799567439C78D56F1E55F /* POSIX */,
				009043D930AB035760D79A35 /* Windows */,
			);
			path = Platform;
			sourceTree = "<group>";
		};
/* End PBXGroup section */

/* Begin PBXNativeTarget section */
		B1BC4A53B3CF47AEEE893464 /* GoosicDebugHostUITests */ = {
			isa = PBXNativeTarget;
			buildConfigurationList = 61C5EF54E728F894F247FE26 /* Build configuration list for PBXNativeTarget "GoosicDebugHostUITests" */;
			buildPhases = (
				BD43B9DBE063286DA09E1391 /* Sources */,
			);
			buildRules = (
			);
			dependencies = (
				0AA57EA957D0BE3DFB615543 /* PBXTargetDependency */,
			);
			name = GoosicDebugHostUITests;
			packageProductDependencies = (
			);
			productName = GoosicDebugHostUITests;
			productReference = 1225BA690AD453628EDA82E4 /* GoosicDebugHostUITests.xctest */;
			productType = "com.apple.product-type.bundle.ui-testing";
		};
		D8583A1F30FAD47E2C1783CD /* GoosicDebugHost */ = {
			isa = PBXNativeTarget;
			buildConfigurationList = 1B041E32D6A0592399784134 /* Build configuration list for PBXNativeTarget "GoosicDebugHost" */;
			buildPhases = (
				A9DE6C150DA7FEAFEF1D4728 /* Sources */,
				18C25AF00FE9D7FAE640FE4A /* Frameworks */,
			);
			buildRules = (
			);
			dependencies = (
			);
			name = GoosicDebugHost;
			packageProductDependencies = (
				D51CEFBFF7C1B995E771F7B4 /* Sparkle */,
			);
			productName = GoosicDebugHost;
			productReference = 10FC96427C232DA2A426FF1A /* GoosicDebugHost.app */;
			productType = "com.apple.product-type.application";
		};
/* End PBXNativeTarget section */

/* Begin PBXProject section */
		CE713C555CA08E7A679E7323 /* Project object */ = {
			isa = PBXProject;
			attributes = {
				BuildIndependentTargetsInParallel = YES;
				LastUpgradeCheck = 1430;
				TargetAttributes = {
					B1BC4A53B3CF47AEEE893464 = {
						TestTargetID = D8583A1F30FAD47E2C1783CD;
					};
				};
			};
			buildConfigurationList = 1CBDED41E592FB0BB3F771A7 /* Build configuration list for PBXProject "GoosicMacUITests" */;
			developmentRegion = en;
			hasScannedForEncodings = 0;
			knownRegions = (
				Base,
				en,
			);
			mainGroup = EDDA295189E1D8A4B0D3F4D2;
			minimizedProjectReferenceProxies = 1;
			packageReferences = (
				CE482B7BD06B054F0F6E2976 /* XCRemoteSwiftPackageReference "Sparkle" */,
			);
			preferredProjectObjectVersion = 77;
			productRefGroup = 127F6CAAD0C64B43F11A8A54 /* Products */;
			projectDirPath = "";
			projectRoot = "";
			targets = (
				D8583A1F30FAD47E2C1783CD /* GoosicDebugHost */,
				B1BC4A53B3CF47AEEE893464 /* GoosicDebugHostUITests */,
			);
		};
/* End PBXProject section */

/* Begin PBXSourcesBuildPhase section */
		A9DE6C150DA7FEAFEF1D4728 /* Sources */ = {
			isa = PBXSourcesBuildPhase;
			buildActionMask = 2147483647;
			files = (
				F48D09978A6B397B4433685C /* AccountLoginHost+Preview.swift in Sources */,
				7A532767EECCB0EDB9B34D7D /* AccountLoginHost+macOS.swift in Sources */,
				4D5DFB34F870CD1239F4D3DC /* AccountLoginModel.swift in Sources */,
				85D56B14E6A69BF59372C177 /* ArtworkBackdrop+macOS.swift in Sources */,
				5A0A13A9E29F8EC406CDFB48 /* ArtworkCache.swift in Sources */,
				93B5E32C56BC943F016106F8 /* Catalog.swift in Sources */,
				408C41E31D371C629463E73D /* CatalogFreshness.swift in Sources */,
				F1A72AD5ED5FED10E6223F93 /* CatalogPageStore.swift in Sources */,
				F7502C2205325BF32B8E5CD5 /* CatalogRequestLedger.swift in Sources */,
				A720A6A6843FDD2550926173 /* Diagnostics.swift in Sources */,
				5953A3BDEE6738B3E8A594F9 /* DiscordPresence+macOS.swift in Sources */,
				C3E50B954AE2A18595ADA207 /* GoosicDebugHostApp.swift in Sources */,
				92EFC7898B242C8C9B6CA81E /* GoosicResources.swift in Sources */,
				F42181BAD81C3DADAF243698 /* ListRules.swift in Sources */,
				AAF3798992F6735FBB97CFAA /* LocalPlaybackEvent.swift in Sources */,
				C0C9DA7D681C65A48C631FC4 /* LocalPlaybackHost+macOS.swift in Sources */,
				22C025BA43E86414CE899709 /* LyricsTiming.swift in Sources */,
				2D23B922FCB8389F36DB2177 /* MaterialSurface+macOS.swift in Sources */,
				26490BEC7B527138F3B0A42B /* MaterialSurfaceKind.swift in Sources */,
				359D2D56AC4E678C2F5A20E2 /* MediaTransportRequest+macOS.swift in Sources */,
				E1A18A4A8C7042FB2D1F0EC4 /* Models.swift in Sources */,
				35CB6B26D8B52681EA085019 /* NativeMacApp.swift in Sources */,
				711E9C2E7B5C53024FF81559 /* NativeMacCachedImage.swift in Sources */,
				DC26E321ADACFCEE76DCE985 /* NativeMacCatalogSurface.swift in Sources */,
				7D7C37FBAEF04E81BB6C16ED /* NativeMacFullPlayer.swift in Sources */,
				88E49963FBC1C9E6F7779CCE /* NativeMacLyricsImport.swift in Sources */,
				6E004B99B34CDBA0EC634D2C /* NativeMacLyricsView.swift in Sources */,
				5778A50F152B943536F6118D /* NativeMacUpdater+macOS.swift in Sources */,
				7D3A045459ACD90C1ED40C0F /* NavigationFrame+macOS.swift in Sources */,
				87C7548F09E7313D9350EC38 /* NavigationPolicy.swift in Sources */,
				DA1F954C163BCE8BCF90B71F /* NowPlayingMesh.swift in Sources */,
				8621B50574134BF9F7F127E6 /* OfficialBridge.swift in Sources */,
				81EC22E212BCA5AB5A7F154F /* OfficialPlaybackHost+Preview.swift in Sources */,
				456ED148D01762EDBB35C86F /* OfficialPlaybackHost+macOS.swift in Sources */,
				A00639B25DF6FE5B49E8C07C /* OfficialSampleSequence.swift in Sources */,
				12FCC23081679E92C2931E19 /* OfficialVolumeBootstrap.swift in Sources */,
				B0077A9C7134501753EFA424 /* PersonalBrowse.swift in Sources */,
				EE4DAE960FBEDE1EE616E610 /* PersonalCatalogFailure+macOS.swift in Sources */,
				3890ABDCA02A29D38634E11E /* PersonalCatalogHost+Preview.swift in Sources */,
				CF2DE2810268F1622CACC1F7 /* PersonalCatalogHost+macOS.swift in Sources */,
				8623D52F471EC9D775A6D995 /* PersonalMutation.swift in Sources */,
				37F207BC703E5779D48256BD /* PlatformPlaybackHost.swift in Sources */,
				6208A5544143FCA8E8187781 /* PlaybackLaunchIntent.swift in Sources */,
				0F5898131EB0C9323FF27BC1 /* Protocol.swift in Sources */,
				E9CAD2848561A5D471DF0A9A /* QueueEditing.swift in Sources */,
				9C062B3CA9C2B0288CEB42BC /* ServiceClient.swift in Sources */,
				2E1316600A9CE1ED69F209AB /* ServiceFrameReader.swift in Sources */,
				CBD1F41CD6BD5B34631D19EE /* ServiceLaunch+POSIX.swift in Sources */,
				2742BB00D9CEDBF577C884E1 /* ServiceLaunch+Windows.swift in Sources */,
				5F292B5E27F5B6DBA2865B2A /* SystemMediaControls+macOS.swift in Sources */,
				BDCBC4EE0B5D644E0BD5637C /* SystemMediaPlayback.swift in Sources */,
				7985E30BA812D3622266E886 /* ThemeHost.swift in Sources */,
				1EF8F310F63F285AA5F199DA /* TrackEnd.swift in Sources */,
				C766E7DFACBA440884AB623F /* VolumeSync.swift in Sources */,
			);
			runOnlyForDeploymentPostprocessing = 0;
		};
		BD43B9DBE063286DA09E1391 /* Sources */ = {
			isa = PBXSourcesBuildPhase;
			buildActionMask = 2147483647;
			files = (
				C4EF8158BD40906FD9F33CAF /* GoosicSidebarUITests.swift in Sources */,
			);
			runOnlyForDeploymentPostprocessing = 0;
		};
/* End PBXSourcesBuildPhase section */

/* Begin PBXTargetDependency section */
		0AA57EA957D0BE3DFB615543 /* PBXTargetDependency */ = {
			isa = PBXTargetDependency;
			target = D8583A1F30FAD47E2C1783CD /* GoosicDebugHost */;
			targetProxy = DB06A28F420C58819EBA8C12 /* PBXContainerItemProxy */;
		};
/* End PBXTargetDependency section */

/* Begin XCBuildConfiguration section */
		0039E6928A121CBB9B2E260C /* Debug */ = {
			isa = XCBuildConfiguration;
			buildSettings = {
				ASSETCATALOG_COMPILER_APPICON_NAME = AppIcon;
				CODE_SIGNING_ALLOWED = YES;
				CODE_SIGN_IDENTITY = "-";
				COMBINE_HIDPI_IMAGES = YES;
				GENERATE_INFOPLIST_FILE = YES;
				LD_RUNPATH_SEARCH_PATHS = (
					"$(inherited)",
					"@executable_path/../Frameworks",
				);
				MACOSX_DEPLOYMENT_TARGET = 14.0;
				PRODUCT_BUNDLE_IDENTIFIER = "com.goosic.debug-host";
				SDKROOT = macosx;
				SWIFT_ACTIVE_COMPILATION_CONDITIONS = GOOSIC_UI_TEST_HOST;
				SWIFT_VERSION = 6.0;
			};
			name = Debug;
		};
		05225FC104D3155CB871E263 /* Debug */ = {
			isa = XCBuildConfiguration;
			buildSettings = {
				ALWAYS_SEARCH_USER_PATHS = NO;
				CLANG_ANALYZER_NONNULL = YES;
				CLANG_ANALYZER_NUMBER_OBJECT_CONVERSION = YES_AGGRESSIVE;
				CLANG_CXX_LANGUAGE_STANDARD = "gnu++14";
				CLANG_CXX_LIBRARY = "libc++";
				CLANG_ENABLE_MODULES = YES;
				CLANG_ENABLE_OBJC_ARC = YES;
				CLANG_ENABLE_OBJC_WEAK = YES;
				CLANG_WARN_BLOCK_CAPTURE_AUTORELEASING = YES;
				CLANG_WARN_BOOL_CONVERSION = YES;
				CLANG_WARN_COMMA = YES;
				CLANG_WARN_CONSTANT_CONVERSION = YES;
				CLANG_WARN_DEPRECATED_OBJC_IMPLEMENTATIONS = YES;
				CLANG_WARN_DIRECT_OBJC_ISA_USAGE = YES_ERROR;
				CLANG_WARN_DOCUMENTATION_COMMENTS = YES;
				CLANG_WARN_EMPTY_BODY = YES;
				CLANG_WARN_ENUM_CONVERSION = YES;
				CLANG_WARN_INFINITE_RECURSION = YES;
				CLANG_WARN_INT_CONVERSION = YES;
				CLANG_WARN_NON_LITERAL_NULL_CONVERSION = YES;
				CLANG_WARN_OBJC_IMPLICIT_RETAIN_SELF = YES;
				CLANG_WARN_OBJC_LITERAL_CONVERSION = YES;
				CLANG_WARN_OBJC_ROOT_CLASS = YES_ERROR;
				CLANG_WARN_QUOTED_INCLUDE_IN_FRAMEWORK_HEADER = YES;
				CLANG_WARN_RANGE_LOOP_ANALYSIS = YES;
				CLANG_WARN_STRICT_PROTOTYPES = YES;
				CLANG_WARN_SUSPICIOUS_MOVE = YES;
				CLANG_WARN_UNGUARDED_AVAILABILITY = YES_AGGRESSIVE;
				CLANG_WARN_UNREACHABLE_CODE = YES;
				CLANG_WARN__DUPLICATE_METHOD_MATCH = YES;
				COPY_PHASE_STRIP = NO;
				DEBUG_INFORMATION_FORMAT = dwarf;
				ENABLE_STRICT_OBJC_MSGSEND = YES;
				ENABLE_TESTABILITY = YES;
				GCC_C_LANGUAGE_STANDARD = gnu11;
				GCC_DYNAMIC_NO_PIC = NO;
				GCC_NO_COMMON_BLOCKS = YES;
				GCC_OPTIMIZATION_LEVEL = 0;
				GCC_PREPROCESSOR_DEFINITIONS = (
					"$(inherited)",
					"DEBUG=1",
				);
				GCC_WARN_64_TO_32_BIT_CONVERSION = YES;
				GCC_WARN_ABOUT_RETURN_TYPE = YES_ERROR;
				GCC_WARN_UNDECLARED_SELECTOR = YES;
				GCC_WARN_UNINITIALIZED_AUTOS = YES_AGGRESSIVE;
				GCC_WARN_UNUSED_FUNCTION = YES;
				GCC_WARN_UNUSED_VARIABLE = YES;
				MTL_ENABLE_DEBUG_INFO = INCLUDE_SOURCE;
				MTL_FAST_MATH = YES;
				ONLY_ACTIVE_ARCH = YES;
				PRODUCT_NAME = "$(TARGET_NAME)";
				SDKROOT = macosx;
				SWIFT_ACTIVE_COMPILATION_CONDITIONS = DEBUG;
				SWIFT_OPTIMIZATION_LEVEL = "-Onone";
				SWIFT_VERSION = 5.0;
			};
			name = Debug;
		};
		053CF8FDAC0EBCF71C648001 /* Release */ = {
			isa = XCBuildConfiguration;
			buildSettings = {
				ASSETCATALOG_COMPILER_APPICON_NAME = AppIcon;
				CODE_SIGNING_ALLOWED = YES;
				CODE_SIGN_IDENTITY = "-";
				COMBINE_HIDPI_IMAGES = YES;
				GENERATE_INFOPLIST_FILE = YES;
				LD_RUNPATH_SEARCH_PATHS = (
					"$(inherited)",
					"@executable_path/../Frameworks",
				);
				MACOSX_DEPLOYMENT_TARGET = 14.0;
				PRODUCT_BUNDLE_IDENTIFIER = "com.goosic.debug-host";
				SDKROOT = macosx;
				SWIFT_ACTIVE_COMPILATION_CONDITIONS = GOOSIC_UI_TEST_HOST;
				SWIFT_VERSION = 6.0;
			};
			name = Release;
		};
		3C79893BE5A94A85769A25AD /* Release */ = {
			isa = XCBuildConfiguration;
			buildSettings = {
				ALWAYS_SEARCH_USER_PATHS = NO;
				CLANG_ANALYZER_NONNULL = YES;
				CLANG_ANALYZER_NUMBER_OBJECT_CONVERSION = YES_AGGRESSIVE;
				CLANG_CXX_LANGUAGE_STANDARD = "gnu++14";
				CLANG_CXX_LIBRARY = "libc++";
				CLANG_ENABLE_MODULES = YES;
				CLANG_ENABLE_OBJC_ARC = YES;
				CLANG_ENABLE_OBJC_WEAK = YES;
				CLANG_WARN_BLOCK_CAPTURE_AUTORELEASING = YES;
				CLANG_WARN_BOOL_CONVERSION = YES;
				CLANG_WARN_COMMA = YES;
				CLANG_WARN_CONSTANT_CONVERSION = YES;
				CLANG_WARN_DEPRECATED_OBJC_IMPLEMENTATIONS = YES;
				CLANG_WARN_DIRECT_OBJC_ISA_USAGE = YES_ERROR;
				CLANG_WARN_DOCUMENTATION_COMMENTS = YES;
				CLANG_WARN_EMPTY_BODY = YES;
				CLANG_WARN_ENUM_CONVERSION = YES;
				CLANG_WARN_INFINITE_RECURSION = YES;
				CLANG_WARN_INT_CONVERSION = YES;
				CLANG_WARN_NON_LITERAL_NULL_CONVERSION = YES;
				CLANG_WARN_OBJC_IMPLICIT_RETAIN_SELF = YES;
				CLANG_WARN_OBJC_LITERAL_CONVERSION = YES;
				CLANG_WARN_OBJC_ROOT_CLASS = YES_ERROR;
				CLANG_WARN_QUOTED_INCLUDE_IN_FRAMEWORK_HEADER = YES;
				CLANG_WARN_RANGE_LOOP_ANALYSIS = YES;
				CLANG_WARN_STRICT_PROTOTYPES = YES;
				CLANG_WARN_SUSPICIOUS_MOVE = YES;
				CLANG_WARN_UNGUARDED_AVAILABILITY = YES_AGGRESSIVE;
				CLANG_WARN_UNREACHABLE_CODE = YES;
				CLANG_WARN__DUPLICATE_METHOD_MATCH = YES;
				COPY_PHASE_STRIP = NO;
				DEBUG_INFORMATION_FORMAT = "dwarf-with-dsym";
				ENABLE_NS_ASSERTIONS = NO;
				ENABLE_STRICT_OBJC_MSGSEND = YES;
				GCC_C_LANGUAGE_STANDARD = gnu11;
				GCC_NO_COMMON_BLOCKS = YES;
				GCC_WARN_64_TO_32_BIT_CONVERSION = YES;
				GCC_WARN_ABOUT_RETURN_TYPE = YES_ERROR;
				GCC_WARN_UNDECLARED_SELECTOR = YES;
				GCC_WARN_UNINITIALIZED_AUTOS = YES_AGGRESSIVE;
				GCC_WARN_UNUSED_FUNCTION = YES;
				GCC_WARN_UNUSED_VARIABLE = YES;
				MTL_ENABLE_DEBUG_INFO = NO;
				MTL_FAST_MATH = YES;
				PRODUCT_NAME = "$(TARGET_NAME)";
				SDKROOT = macosx;
				SWIFT_COMPILATION_MODE = wholemodule;
				SWIFT_OPTIMIZATION_LEVEL = "-O";
				SWIFT_VERSION = 5.0;
			};
			name = Release;
		};
		887A00DAAAE0856888BFC78A /* Release */ = {
			isa = XCBuildConfiguration;
			buildSettings = {
				BUNDLE_LOADER = "$(TEST_HOST)";
				CODE_SIGNING_ALLOWED = YES;
				CODE_SIGN_IDENTITY = "-";
				COMBINE_HIDPI_IMAGES = YES;
				GENERATE_INFOPLIST_FILE = YES;
				LD_RUNPATH_SEARCH_PATHS = (
					"$(inherited)",
					"@executable_path/Frameworks",
					"@loader_path/Frameworks",
				);
				MACOSX_DEPLOYMENT_TARGET = 14.0;
				PRODUCT_BUNDLE_IDENTIFIER = "com.goosic.debug-host-uitests";
				SDKROOT = macosx;
				SWIFT_VERSION = 6.0;
				TEST_TARGET_NAME = GoosicDebugHost;
			};
			name = Release;
		};
		B48F8D268705A8E72F52792F /* Debug */ = {
			isa = XCBuildConfiguration;
			buildSettings = {
				BUNDLE_LOADER = "$(TEST_HOST)";
				CODE_SIGNING_ALLOWED = YES;
				CODE_SIGN_IDENTITY = "-";
				COMBINE_HIDPI_IMAGES = YES;
				GENERATE_INFOPLIST_FILE = YES;
				LD_RUNPATH_SEARCH_PATHS = (
					"$(inherited)",
					"@executable_path/Frameworks",
					"@loader_path/Frameworks",
				);
				MACOSX_DEPLOYMENT_TARGET = 14.0;
				PRODUCT_BUNDLE_IDENTIFIER = "com.goosic.debug-host-uitests";
				SDKROOT = macosx;
				SWIFT_VERSION = 6.0;
				TEST_TARGET_NAME = GoosicDebugHost;
			};
			name = Debug;
		};
/* End XCBuildConfiguration section */

/* Begin XCConfigurationList section */
		1B041E32D6A0592399784134 /* Build configuration list for PBXNativeTarget "GoosicDebugHost" */ = {
			isa = XCConfigurationList;
			buildConfigurations = (
				0039E6928A121CBB9B2E260C /* Debug */,
				053CF8FDAC0EBCF71C648001 /* Release */,
			);
			defaultConfigurationIsVisible = 0;
			defaultConfigurationName = Debug;
		};
		1CBDED41E592FB0BB3F771A7 /* Build configuration list for PBXProject "GoosicMacUITests" */ = {
			isa = XCConfigurationList;
			buildConfigurations = (
				05225FC104D3155CB871E263 /* Debug */,
				3C79893BE5A94A85769A25AD /* Release */,
			);
			defaultConfigurationIsVisible = 0;
			defaultConfigurationName = Debug;
		};
		61C5EF54E728F894F247FE26 /* Build configuration list for PBXNativeTarget "GoosicDebugHostUITests" */ = {
			isa = XCConfigurationList;
			buildConfigurations = (
				B48F8D268705A8E72F52792F /* Debug */,
				887A00DAAAE0856888BFC78A /* Release */,
			);
			defaultConfigurationIsVisible = 0;
			defaultConfigurationName = Debug;
		};
/* End XCConfigurationList section */

/* Begin XCRemoteSwiftPackageReference section */
		CE482B7BD06B054F0F6E2976 /* XCRemoteSwiftPackageReference "Sparkle" */ = {
			isa = XCRemoteSwiftPackageReference;
			repositoryURL = "https://github.com/sparkle-project/Sparkle.git";
			requirement = {
				kind = exactVersion;
				version = 2.10.0;
			};
		};
/* End XCRemoteSwiftPackageReference section */

/* Begin XCSwiftPackageProductDependency section */
		D51CEFBFF7C1B995E771F7B4 /* Sparkle */ = {
			isa = XCSwiftPackageProductDependency;
			package = CE482B7BD06B054F0F6E2976 /* XCRemoteSwiftPackageReference "Sparkle" */;
			productName = Sparkle;
		};
/* End XCSwiftPackageProductDependency section */
	};
	rootObject = CE713C555CA08E7A679E7323 /* Project object */;
}
